lockfileVersion: '6.0'

settings:
  autoInstallPeers: true
  excludeLinksFromLockfile: false

dependencies:
  argparse:
    specifier: ^2.0.1
    version: 2.0.1
  cookie:
    specifier: ^0.6.0
    version: 0.6.0
  js-yaml:
    specifier: ^4.1.0
    version: 4.1.0
  typescript:
    specifier: ^5.0.0
    version: 5.3.2

packages:

  /argparse@2.0.1:
    resolution: {integrity: sha512-8+9WqebbFzpX9OR+Wa6O29asIogeRMzcGtAINdpMHHyAg10f05aSFVBbcEqGf/PXw1EjAZ+q2/bEBg3DvurK3Q==}
    dev: false

  /cookie@0.6.0:
    resolution: {integrity: sha512-U71cyTamuh1CRNCfpGY6to28lxvNwPG4Guz/EVjgf3Jmzv0vlDp1atT9eS5dDjMYHucpHbWns6Lwf3BKz6svdw==}
    engines: {node: '>= 0.6'}
    dev: false

  /js-yaml@4.1.0:
    resolution: {integrity: sha512-wpxZs9NoxZaJESJGIZTyDEaYpl0FKSA+FB9aJiyemKhMwkxQg63h4T1KJgUGHpTqPDNRcmmYLugrRjJlBtWvRA==}
    hasBin: true
    dependencies:
      argparse: 2.0.1
    dev: false

  /typescript@5.3.2:
    resolution: {integrity: sha512-6l+RyNy7oAHDfxC4FzSJcz9vnjTKxrLpDG5M2Vu4SHRVNg6xzqZp6LYSR9zjqQTu8DU/f5xwxUdADOkbrIX2gQ==}
    engines: {node: '>=14.17'}
    hasBin: true
    dev: false
