lockfileVersion: '6.0'

dependencies:
  argparse:
    specifier: ^2.0.1
    version: 2.0.1
  cookie:
    specifier: ^0.5.0
    version: 0.5.0
  js-yaml:
    specifier: ^4.1.0
    version: 4.1.0
  typescript:
    specifier: ^4.4.3
    version: 4.4.3

packages:

  /argparse@2.0.1:
    resolution: {integrity: sha512-8+9WqebbFzpX9OR+Wa6O29asIogeRMzcGtAINdpMHHyAg10f05aSFVBbcEqGf/PXw1EjAZ+q2/bEBg3DvurK3Q==}
    dev: false

  /cookie@0.5.0:
    resolution: {integrity: sha512-YZ3GUyn/o8gfKJlnlX7g7xq4gyO6OSuhGPKaaGssGB2qgDUS0gPgtTvoyZLTt9Ab6dC4hfc9dV5arkvc/OCmrw==}
    engines: {node: '>= 0.6'}
    dev: false

  /js-yaml@4.1.0:
    resolution: {integrity: sha512-wpxZs9NoxZaJESJGIZTyDEaYpl0FKSA+FB9aJiyemKhMwkxQg63h4T1KJgUGHpTqPDNRcmmYLugrRjJlBtWvRA==}
    hasBin: true
    dependencies:
      argparse: 2.0.1
    dev: false

  /typescript@4.4.3:
    resolution: {integrity: sha512-4xfscpisVgqqDfPaJo5vkd+Qd/ItkoagnHpufr+i2QCHBsNYp+G7UAoyFl8aPtx879u38wPV65rZ8qbGZijalA==}
    engines: {node: '>=4.2.0'}
    hasBin: true
    dev: false
